// !$*UTF8*$!
{
	archiveVersion = 1;
	classes = {
	};
	objectVersion = 46;
	objects = {

/* Begin PBXBuildFile section */
		C7E30E2E1D2E4790006A7267 /* AppDelegate.swift in Sources */ = {isa = PBXBuildFile; fileRef = C7E30E2D1D2E4790006A7267 /* AppDelegate.swift */; };
		C7E30E301D2E4790006A7267 /* ViewController.swift in Sources */ = {isa = PBXBuildFile; fileRef = C7E30E2F1D2E4790006A7267 /* ViewController.swift */; };
		C7E30E331D2E4790006A7267 /* Main.storyboard in Resources */ = {isa = PBXBuildFile; fileRef = C7E30E311D2E4790006A7267 /* Main.storyboard */; };
		C7E30E351D2E4790006A7267 /* Assets.xcassets in Resources */ = {isa = PBXBuildFile; fileRef = C7E30E341D2E4790006A7267 /* Assets.xcassets */; };
		C7E30E381D2E4790006A7267 /* LaunchScreen.storyboard in Resources */ = {isa = PBXBuildFile; fileRef = C7E30E361D2E4790006A7267 /* LaunchScreen.storyboard */; };
		C7E30E431D2E5B7E006A7267 /* boa_hancock_avatar_by_namirobinloverx-d97dlqb.jpg in Resources */ = {isa = PBXBuildFile; fileRef = C7E30E421D2E5B7E006A7267 /* boa_hancock_avatar_by_namirobinloverx-d97dlqb.jpg */; };
		C7E30E451D2E5DC0006A7267 /* luffy-one-piece.jpg in Resources */ = {isa = PBXBuildFile; fileRef = C7E30E441D2E5DC0006A7267 /* luffy-one-piece.jpg */; };
		C7E30E491D2E63C6006A7267 /* LikeViewController.swift in Sources */ = {isa = PBXBuildFile; fileRef = C7E30E481D2E63C6006A7267 /* LikeViewController.swift */; };
		C7E30E6A1D2EBDA9006A7267 /* angry.png in Resources */ = {isa = PBXBuildFile; fileRef = C7E30E641D2EBDA9006A7267 /* angry.png */; };
		C7E30E6B1D2EBDA9006A7267 /* haha.png in Resources */ = {isa = PBXBuildFile; fileRef = C7E30E651D2EBDA9006A7267 /* haha.png */; };
		C7E30E6C1D2EBDA9006A7267 /* like_1.png in Resources */ = {isa = PBXBuildFile; fileRef = C7E30E661D2EBDA9006A7267 /* like_1.png */; };
		C7E30E6D1D2EBDA9006A7267 /* love.png in Resources */ = {isa = PBXBuildFile; fileRef = C7E30E671D2EBDA9006A7267 /* love.png */; };
		C7E30E6E1D2EBDA9006A7267 /* sad.png in Resources */ = {isa = PBXBuildFile; fileRef = C7E30E681D2EBDA9006A7267 /* sad.png */; };
		C7E30E6F1D2EBDA9006A7267 /* wow.png in Resources */ = {isa = PBXBuildFile; fileRef = C7E30E691D2EBDA9006A7267 /* wow.png */; };
		C7E30E731D2EBFE0006A7267 /* comment.png in Resources */ = {isa = PBXBuildFile; fileRef = C7E30E701D2EBFE0006A7267 /* comment.png */; };
		C7E30E741D2EBFE0006A7267 /* greyLike.png in Resources */ = {isa = PBXBuildFile; fileRef = C7E30E711D2EBFE0006A7267 /* greyLike.png */; };
		C7E30E751D2EBFE0006A7267 /* share.png in Resources */ = {isa = PBXBuildFile; fileRef = C7E30E721D2EBFE0006A7267 /* share.png */; };
/* End PBXBuildFile section */

/* Begin PBXFileReference section */
		C7E30E2A1D2E4790006A7267 /* DemoPopover.app */ = {isa = PBXFileReference; explicitFileType = wrapper.application; includeInIndex = 0; path = DemoPopover.app; sourceTree = BUILT_PRODUCTS_DIR; };
		C7E30E2D1D2E4790006A7267 /* AppDelegate.swift */ = {isa = PBXFileReference; lastKnownFileType = sourcecode.swift; path = AppDelegate.swift; sourceTree = "<group>"; };
		C7E30E2F1D2E4790006A7267 /* ViewController.swift */ = {isa = PBXFileReference; lastKnownFileType = sourcecode.swift; path = ViewController.swift; sourceTree = "<group>"; };
		C7E30E321D2E4790006A7267 /* Base */ = {isa = PBXFileReference; lastKnownFileType = file.storyboard; name = Base; path = Base.lproj/Main.storyboard; sourceTree = "<group>"; };
		C7E30E341D2E4790006A7267 /* Assets.xcassets */ = {isa = PBXFileReference; lastKnownFileType = folder.assetcatalog; path = Assets.xcassets; sourceTree = "<group>"; };
		C7E30E371D2E4790006A7267 /* Base */ = {isa = PBXFileReference; lastKnownFileType = file.storyboard; name = Base; path = Base.lproj/LaunchScreen.storyboard; sourceTree = "<group>"; };
		C7E30E391D2E4790006A7267 /* Info.plist */ = {isa = PBXFileReference; lastKnownFileType = text.plist.xml; path = Info.plist; sourceTree = "<group>"; };
		C7E30E421D2E5B7E006A7267 /* boa_hancock_avatar_by_namirobinloverx-d97dlqb.jpg */ = {isa = PBXFileReference; lastKnownFileType = image.jpeg; path = "boa_hancock_avatar_by_namirobinloverx-d97dlqb.jpg"; sourceTree = "<group>"; };
		C7E30E441D2E5DC0006A7267 /* luffy-one-piece.jpg */ = {isa = PBXFileReference; lastKnownFileType = image.jpeg; path = "luffy-one-piece.jpg"; sourceTree = "<group>"; };
		C7E30E481D2E63C6006A7267 /* LikeViewController.swift */ = {isa = PBXFileReference; fileEncoding = 4; lastKnownFileType = sourcecode.swift; path = LikeViewController.swift; sourceTree = "<group>"; };
		C7E30E641D2EBDA9006A7267 /* angry.png */ = {isa = PBXFileReference; lastKnownFileType = image.png; path = angry.png; sourceTree = "<group>"; };
		C7E30E651D2EBDA9006A7267 /* haha.png */ = {isa = PBXFileReference; lastKnownFileType = image.png; path = haha.png; sourceTree = "<group>"; };
		C7E30E661D2EBDA9006A7267 /* like_1.png */ = {isa = PBXFileReference; lastKnownFileType = image.png; path = like_1.png; sourceTree = "<group>"; };
		C7E30E671D2EBDA9006A7267 /* love.png */ = {isa = PBXFileReference; lastKnownFileType = image.png; path = love.png; sourceTree = "<group>"; };
		C7E30E681D2EBDA9006A7267 /* sad.png */ = {isa = PBXFileReference; lastKnownFileType = image.png; path = sad.png; sourceTree = "<group>"; };
		C7E30E691D2EBDA9006A7267 /* wow.png */ = {isa = PBXFileReference; lastKnownFileType = image.png; path = wow.png; sourceTree = "<group>"; };
		C7E30E701D2EBFE0006A7267 /* comment.png */ = {isa = PBXFileReference; lastKnownFileType = image.png; path = comment.png; sourceTree = "<group>"; };
		C7E30E711D2EBFE0006A7267 /* greyLike.png */ = {isa = PBXFileReference; lastKnownFileType = image.png; path = greyLike.png; sourceTree = "<group>"; };
		C7E30E721D2EBFE0006A7267 /* share.png */ = {isa = PBXFileReference; lastKnownFileType = image.png; path = share.png; sourceTree = "<group>"; };
/* End PBXFileReference section */

/* Begin PBXFrameworksBuildPhase section */
		C7E30E271D2E4790006A7267 /* Frameworks */ = {
			isa = PBXFrameworksBuildPhase;
			buildActionMask = 2147483647;
			files = (
			);
			runOnlyForDeploymentPostprocessing = 0;
		};
/* End PBXFrameworksBuildPhase section */

/* Begin PBXGroup section */
		C7E30E211D2E4790006A7267 = {
			isa = PBXGroup;
			children = (
				C7E30E2C1D2E4790006A7267 /* DemoPopover */,
				C7E30E2B1D2E4790006A7267 /* Products */,
			);
			sourceTree = "<group>";
		};
		C7E30E2B1D2E4790006A7267 /* Products */ = {
			isa = PBXGroup;
			children = (
				C7E30E2A1D2E4790006A7267 /* DemoPopover.app */,
			);
			name = Products;
			sourceTree = "<group>";
		};
		C7E30E2C1D2E4790006A7267 /* DemoPopover */ = {
			isa = PBXGroup;
			children = (
				C7E30E3F1D2E599A006A7267 /* source */,
				C7E30E2D1D2E4790006A7267 /* AppDelegate.swift */,
				C7E30E2F1D2E4790006A7267 /* ViewController.swift */,
				C7E30E481D2E63C6006A7267 /* LikeViewController.swift */,
				C7E30E311D2E4790006A7267 /* Main.storyboard */,
				C7E30E341D2E4790006A7267 /* Assets.xcassets */,
				C7E30E361D2E4790006A7267 /* LaunchScreen.storyboard */,
				C7E30E391D2E4790006A7267 /* Info.plist */,
			);
			path = DemoPopover;
			sourceTree = "<group>";
		};
		C7E30E3F1D2E599A006A7267 /* source */ = {
			isa = PBXGroup;
			children = (
				C7E30E701D2EBFE0006A7267 /* comment.png */,
				C7E30E711D2EBFE0006A7267 /* greyLike.png */,
				C7E30E721D2EBFE0006A7267 /* share.png */,
				C7E30E641D2EBDA9006A7267 /* angry.png */,
				C7E30E651D2EBDA9006A7267 /* haha.png */,
				C7E30E661D2EBDA9006A7267 /* like_1.png */,
				C7E30E671D2EBDA9006A7267 /* love.png */,
				C7E30E681D2EBDA9006A7267 /* sad.png */,
				C7E30E691D2EBDA9006A7267 /* wow.png */,
				C7E30E441D2E5DC0006A7267 /* luffy-one-piece.jpg */,
				C7E30E421D2E5B7E006A7267 /* boa_hancock_avatar_by_namirobinloverx-d97dlqb.jpg */,
			);
			name = source;
			sourceTree = "<group>";
		};
/* End PBXGroup section */

/* Begin PBXNativeTarget section */
		C7E30E291D2E4790006A7267 /* DemoPopover */ = {
			isa = PBXNativeTarget;
			buildConfigurationList = C7E30E3C1D2E4790006A7267 /* Build configuration list for PBXNativeTarget "DemoPopover" */;
			buildPhases = (
				C7E30E261D2E4790006A7267 /* Sources */,
				C7E30E271D2E4790006A7267 /* Frameworks */,
				C7E30E281D2E4790006A7267 /* Resources */,
			);
			buildRules = (
			);
			dependencies = (
			);
			name = DemoPopover;
			productName = DemoPopover;
			productReference = C7E30E2A1D2E4790006A7267 /* DemoPopover.app */;
			productType = "com.apple.product-type.application";
		};
/* End PBXNativeTarget section */

/* Begin PBXProject section */
		C7E30E221D2E4790006A7267 /* Project object */ = {
			isa = PBXProject;
			attributes = {
				LastSwiftUpdateCheck = 0720;
				LastUpgradeCheck = 0720;
				ORGANIZATIONNAME = "le ha thanh";
				TargetAttributes = {
					C7E30E291D2E4790006A7267 = {
						CreatedOnToolsVersion = 7.2;
					};
				};
			};
			buildConfigurationList = C7E30E251D2E4790006A7267 /* Build configuration list for PBXProject "DemoPopover" */;
			compatibilityVersion = "Xcode 3.2";
			developmentRegion = English;
			hasScannedForEncodings = 0;
			knownRegions = (
				en,
				Base,
			);
			mainGroup = C7E30E211D2E4790006A7267;
			productRefGroup = C7E30E2B1D2E4790006A7267 /* Products */;
			projectDirPath = "";
			projectRoot = "";
			targets = (
				C7E30E291D2E4790006A7267 /* DemoPopover */,
			);
		};
/* End PBXProject section */

/* Begin PBXResourcesBuildPhase section */
		C7E30E281D2E4790006A7267 /* Resources */ = {
			isa = PBXResourcesBuildPhase;
			buildActionMask = 2147483647;
			files = (
				C7E30E6F1D2EBDA9006A7267 /* wow.png in Resources */,
				C7E30E731D2EBFE0006A7267 /* comment.png in Resources */,
				C7E30E381D2E4790006A7267 /* LaunchScreen.storyboard in Resources */,
				C7E30E751D2EBFE0006A7267 /* share.png in Resources */,
				C7E30E451D2E5DC0006A7267 /* luffy-one-piece.jpg in Resources */,
				C7E30E6E1D2EBDA9006A7267 /* sad.png in Resources */,
				C7E30E6D1D2EBDA9006A7267 /* love.png in Resources */,
				C7E30E6C1D2EBDA9006A7267 /* like_1.png in Resources */,
				C7E30E351D2E4790006A7267 /* Assets.xcassets in Resources */,
				C7E30E431D2E5B7E006A7267 /* boa_hancock_avatar_by_namirobinloverx-d97dlqb.jpg in Resources */,
				C7E30E331D2E4790006A7267 /* Main.storyboard in Resources */,
				C7E30E6B1D2EBDA9006A7267 /* haha.png in Resources */,
				C7E30E6A1D2EBDA9006A7267 /* angry.png in Resources */,
				C7E30E741D2EBFE0006A7267 /* greyLike.png in Resources */,
			);
			runOnlyForDeploymentPostprocessing = 0;
		};
/* End PBXResourcesBuildPhase section */

/* Begin PBXSourcesBuildPhase section */
		C7E30E261D2E4790006A7267 /* Sources */ = {
			isa = PBXSourcesBuildPhase;
			buildActionMask = 2147483647;
			files = (
				C7E30E301D2E4790006A7267 /* ViewController.swift in Sources */,
				C7E30E2E1D2E4790006A7267 /* AppDelegate.swift in Sources */,
				C7E30E491D2E63C6006A7267 /* LikeViewController.swift in Sources */,
			);
			runOnlyForDeploymentPostprocessing = 0;
		};
/* End PBXSourcesBuildPhase section */

/* Begin PBXVariantGroup section */
		C7E30E311D2E4790006A7267 /* Main.storyboard */ = {
			isa = PBXVariantGroup;
			children = (
				C7E30E321D2E4790006A7267 /* Base */,
			);
			name = Main.storyboard;
			sourceTree = "<group>";
		};
		C7E30E361D2E4790006A7267 /* LaunchScreen.storyboard */ = {
			isa = PBXVariantGroup;
			children = (
				C7E30E371D2E4790006A7267 /* Base */,
			);
			name = LaunchScreen.storyboard;
			sourceTree = "<group>";
		};
/* End PBXVariantGroup section */

/* Begin XCBuildConfiguration section */
		C7E30E3A1D2E4790006A7267 /* Debug */ = {
			isa = XCBuildConfiguration;
			buildSettings = {
				ALWAYS_SEARCH_USER_PATHS = NO;
				CLANG_CXX_LANGUAGE_STANDARD = "gnu++0x";
				CLANG_CXX_LIBRARY = "libc++";
				CLANG_ENABLE_MODULES = YES;
				CLANG_ENABLE_OBJC_ARC = YES;
				CLANG_WARN_BOOL_CONVERSION = YES;
				CLANG_WARN_CONSTANT_CONVERSION = YES;
				CLANG_WARN_DIRECT_OBJC_ISA_USAGE = YES_ERROR;
				CLANG_WARN_EMPTY_BODY = YES;
				CLANG_WARN_ENUM_CONVERSION = YES;
				CLANG_WARN_INT_CONVERSION = YES;
				CLANG_WARN_OBJC_ROOT_CLASS = YES_ERROR;
				CLANG_WARN_UNREACHABLE_CODE = YES;
				CLANG_WARN__DUPLICATE_METHOD_MATCH = YES;
				"CODE_SIGN_IDENTITY[sdk=iphoneos*]" = "iPhone Developer";
				COPY_PHASE_STRIP = NO;
				DEBUG_INFORMATION_FORMAT = dwarf;
				ENABLE_STRICT_OBJC_MSGSEND = YES;
				ENABLE_TESTABILITY = YES;
				GCC_C_LANGUAGE_STANDARD = gnu99;
				GCC_DYNAMIC_NO_PIC = NO;
				GCC_NO_COMMON_BLOCKS = YES;
				GCC_OPTIMIZATION_LEVEL = 0;
				GCC_PREPROCESSOR_DEFINITIONS = (
					"DEBUG=1",
					"$(inherited)",
				);
				GCC_WARN_64_TO_32_BIT_CONVERSION = YES;
				GCC_WARN_ABOUT_RETURN_TYPE = YES_ERROR;
				GCC_WARN_UNDECLARED_SELECTOR = YES;
				GCC_WARN_UNINITIALIZED_AUTOS = YES_AGGRESSIVE;
				GCC_WARN_UNUSED_FUNCTION = YES;
				GCC_WARN_UNUSED_VARIABLE = YES;
				IPHONEOS_DEPLOYMENT_TARGET = 9.2;
				MTL_ENABLE_DEBUG_INFO = YES;
				ONLY_ACTIVE_ARCH = YES;
				SDKROOT = iphoneos;
				SWIFT_OPTIMIZATION_LEVEL = "-Onone";
				TARGETED_DEVICE_FAMILY = "1,2";
			};
			name = Debug;
		};
		C7E30E3B1D2E4790006A7267 /* Release */ = {
			isa = XCBuildConfiguration;
			buildSettings = {
				ALWAYS_SEARCH_USER_PATHS = NO;
				CLANG_CXX_LANGUAGE_STANDARD = "gnu++0x";
				CLANG_CXX_LIBRARY = "libc++";
				CLANG_ENABLE_MODULES = YES;
				CLANG_ENABLE_OBJC_ARC = YES;
				CLANG_WARN_BOOL_CONVERSION = YES;
				CLANG_WARN_CONSTANT_CONVERSION = YES;
				CLANG_WARN_DIRECT_OBJC_ISA_USAGE = YES_ERROR;
				CLANG_WARN_EMPTY_BODY = YES;
				CLANG_WARN_ENUM_CONVERSION = YES;
				CLANG_WARN_INT_CONVERSION = YES;
				CLANG_WARN_OBJC_ROOT_CLASS = YES_ERROR;
				CLANG_WARN_UNREACHABLE_CODE = YES;
				CLANG_WARN__DUPLICATE_METHOD_MATCH = YES;
				"CODE_SIGN_IDENTITY[sdk=iphoneos*]" = "iPhone Developer";
				COPY_PHASE_STRIP = NO;
				DEBUG_INFORMATION_FORMAT = "dwarf-with-dsym";
				ENABLE_NS_ASSERTIONS = NO;
				ENABLE_STRICT_OBJC_MSGSEND = YES;
				GCC_C_LANGUAGE_STANDARD = gnu99;
				GCC_NO_COMMON_BLOCKS = YES;
				GCC_WARN_64_TO_32_BIT_CONVERSION = YES;
				GCC_WARN_ABOUT_RETURN_TYPE = YES_ERROR;
				GCC_WARN_UNDECLARED_SELECTOR = YES;
				GCC_WARN_UNINITIALIZED_AUTOS = YES_AGGRESSIVE;
				GCC_WARN_UNUSED_FUNCTION = YES;
				GCC_WARN_UNUSED_VARIABLE = YES;
				IPHONEOS_DEPLOYMENT_TARGET = 9.2;
				MTL_ENABLE_DEBUG_INFO = NO;
				SDKROOT = iphoneos;
				TARGETED_DEVICE_FAMILY = "1,2";
				VALIDATE_PRODUCT = YES;
			};
			name = Release;
		};
		C7E30E3D1D2E4790006A7267 /* Debug */ = {
			isa = XCBuildConfiguration;
			buildSettings = {
				ASSETCATALOG_COMPILER_APPICON_NAME = AppIcon;
				INFOPLIST_FILE = DemoPopover/Info.plist;
				LD_RUNPATH_SEARCH_PATHS = "$(inherited) @executable_path/Frameworks";
				PRODUCT_BUNDLE_IDENTIFIER = com.superman.DemoPopover;
				PRODUCT_NAME = "$(TARGET_NAME)";
			};
			name = Debug;
		};
		C7E30E3E1D2E4790006A7267 /* Release */ = {
			isa = XCBuildConfiguration;
			buildSettings = {
				ASSETCATALOG_COMPILER_APPICON_NAME = AppIcon;
				INFOPLIST_FILE = DemoPopover/Info.plist;
				LD_RUNPATH_SEARCH_PATHS = "$(inherited) @executable_path/Frameworks";
				PRODUCT_BUNDLE_IDENTIFIER = com.superman.DemoPopover;
				PRODUCT_NAME = "$(TARGET_NAME)";
			};
			name = Release;
		};
/* End XCBuildConfiguration section */

/* Begin XCConfigurationList section */
		C7E30E251D2E4790006A7267 /* Build configuration list for PBXProject "DemoPopover" */ = {
			isa = XCConfigurationList;
			buildConfigurations = (
				C7E30E3A1D2E4790006A7267 /* Debug */,
				C7E30E3B1D2E4790006A7267 /* Release */,
			);
			defaultConfigurationIsVisible = 0;
			defaultConfigurationName = Release;
		};
		C7E30E3C1D2E4790006A7267 /* Build configuration list for PBXNativeTarget "DemoPopover" */ = {
			isa = XCConfigurationList;
			buildConfigurations = (
				C7E30E3D1D2E4790006A7267 /* Debug */,
				C7E30E3E1D2E4790006A7267 /* Release */,
			);
			defaultConfigurationIsVisible = 0;
			defaultConfigurationName = Release;
		};
/* End XCConfigurationList section */
	};
	rootObject = C7E30E221D2E4790006A7267 /* Project object */;
}
